
Microsoft Visual Studio Solution File, Format Version 12.00
# Visual Studio Version 17
VisualStudioVersion = 17.11.35327.3
MinimumVisualStudioVersion = 10.0.40219.1
Project("{9A19103F-16F7-4668-BE54-9A1E7A4F7556}") = "TimerExample", "EventDrivenProgramming\TimerExample.csproj", "{CC27DD42-6A32-4289-8AE8-5F4C289928B3}"
EndProject
Project("{FAE04EC0-301F-11D3-BF4B-00C04F79EFBC}") = "ExampleManagerObservable", "ExampleObservable\ExampleManagerObservable.csproj", "{2E2CC7F9-F894-4B27-9E79-D1F83D256CCE}"
EndProject
Project("{FAE04EC0-301F-11D3-BF4B-00C04F79EFBC}") = "SensorTemperatureObservable", "SensorTemperatureObservable\SensorTemperatureObservable.csproj", "{19A600E0-0806-4630-9339-B9EF2616AB6D}"
EndProject
Global
	GlobalSection(SolutionConfigurationPlatforms) = preSolution
		Debug|Any CPU = Debug|Any CPU
		Release|Any CPU = Release|Any CPU
	EndGlobalSection
	GlobalSection(ProjectConfigurationPlatforms) = postSolution
		{CC27DD42-6A32-4289-8AE8-5F4C289928B3}.Debug|Any CPU.ActiveCfg = Debug|Any CPU
		{CC27DD42-6A32-4289-8AE8-5F4C289928B3}.Debug|Any CPU.Build.0 = Debug|Any CPU
		{CC27DD42-6A32-4289-8AE8-5F4C289928B3}.Release|Any CPU.ActiveCfg = Release|Any CPU
		{CC27DD42-6A32-4289-8AE8-5F4C289928B3}.Release|Any CPU.Build.0 = Release|Any CPU
		{2E2CC7F9-F894-4B27-9E79-D1F83D256CCE}.Debug|Any CPU.ActiveCfg = Debug|Any CPU
		{2E2CC7F9-F894-4B27-9E79-D1F83D256CCE}.Debug|Any CPU.Build.0 = Debug|Any CPU
		{2E2CC7F9-F894-4B27-9E79-D1F83D256CCE}.Release|Any CPU.ActiveCfg = Release|Any CPU
		{2E2CC7F9-F894-4B27-9E79-D1F83D256CCE}.Release|Any CPU.Build.0 = Release|Any CPU
		{19A600E0-0806-4630-9339-B9EF2616AB6D}.Debug|Any CPU.ActiveCfg = Debug|Any CPU
		{19A600E0-0806-4630-9339-B9EF2616AB6D}.Debug|Any CPU.Build.0 = Debug|Any CPU
		{19A600E0-0806-4630-9339-B9EF2616AB6D}.Release|Any CPU.ActiveCfg = Release|Any CPU
		{19A600E0-0806-4630-9339-B9EF2616AB6D}.Release|Any CPU.Build.0 = Release|Any CPU
	EndGlobalSection
	GlobalSection(SolutionProperties) = preSolution
		HideSolutionNode = FALSE
	EndGlobalSection
	GlobalSection(ExtensibilityGlobals) = postSolution
		SolutionGuid = {76401BBE-106C-44A7-AAC7-C0BBB48D36FA}
	EndGlobalSection
EndGlobal
